
Microsoft Visual Studio Solution File, Format Version 12.00
# Visual Studio Version 16
VisualStudioVersion = 16.0.30907.101
MinimumVisualStudioVersion = 10.0.40219.1
Project("{FAE04EC0-301F-11D3-BF4B-00C04F79EFBC}") = "Winform_SaleDB", "Winform_SaleDB\Winform_SaleDB.csproj", "{4B14594D-1E37-4E0C-A7E9-08CCB4EFA6AE}"
EndProject
Project("{FAE04EC0-301F-11D3-BF4B-00C04F79EFBC}") = "ProductLibrary", "ProductLibrary\ProductLibrary.csproj", "{E058AA63-F932-4603-81B9-CBE52CF771E8}"
EndProject
Global
	GlobalSection(SolutionConfigurationPlatforms) = preSolution
		Debug|Any CPU = Debug|Any CPU
		Release|Any CPU = Release|Any CPU
	EndGlobalSection
	GlobalSection(ProjectConfigurationPlatforms) = postSolution
		{4B14594D-1E37-4E0C-A7E9-08CCB4EFA6AE}.Debug|Any CPU.ActiveCfg = Debug|Any CPU
		{4B14594D-1E37-4E0C-A7E9-08CCB4EFA6AE}.Debug|Any CPU.Build.0 = Debug|Any CPU
		{4B14594D-1E37-4E0C-A7E9-08CCB4EFA6AE}.Release|Any CPU.ActiveCfg = Release|Any CPU
		{4B14594D-1E37-4E0C-A7E9-08CCB4EFA6AE}.Release|Any CPU.Build.0 = Release|Any CPU
		{E058AA63-F932-4603-81B9-CBE52CF771E8}.Debug|Any CPU.ActiveCfg = Debug|Any CPU
		{E058AA63-F932-4603-81B9-CBE52CF771E8}.Release|Any CPU.ActiveCfg = Release|Any CPU
		{E058AA63-F932-4603-81B9-CBE52CF771E8}.Release|Any CPU.Build.0 = Release|Any CPU
	EndGlobalSection
	GlobalSection(SolutionProperties) = preSolution
		HideSolutionNode = FALSE
	EndGlobalSection
	GlobalSection(ExtensibilityGlobals) = postSolution
		SolutionGuid = {57AACC8D-F079-4370-8830-820359058F3A}
	EndGlobalSection
EndGlobal
